
Microsoft Visual Studio Solution File, Format Version 12.00
# Visual Studio Version 17
VisualStudioVersion = 17.11.35312.102
MinimumVisualStudioVersion = 10.0.40219.1
Project("{9A19103F-16F7-4668-BE54-9A1E7A4F7556}") = "PresentationLayer", "PresentationLayer\PresentationLayer.csproj", "{B21D36DF-7B72-4A57-AE84-92C7D3F4B4F6}"
EndProject
Project("{9A19103F-16F7-4668-BE54-9A1E7A4F7556}") = "BusinessLogicLayer", "BusinessLogicLayer\BusinessLogicLayer.csproj", "{984A8F26-015A-4D0A-9616-8238E7066FDC}"
EndProject
Project("{9A19103F-16F7-4668-BE54-9A1E7A4F7556}") = "DataAccessLayer", "DataAccessLayer\DataAccessLayer.csproj", "{7BAB800A-6894-4BC9-9E85-83526AA61435}"
EndProject
Global
	GlobalSection(SolutionConfigurationPlatforms) = preSolution
		Debug|Any CPU = Debug|Any CPU
		Release|Any CPU = Release|Any CPU
	EndGlobalSection
	GlobalSection(ProjectConfigurationPlatforms) = postSolution
		{B21D36DF-7B72-4A57-AE84-92C7D3F4B4F6}.Debug|Any CPU.ActiveCfg = Debug|Any CPU
		{B21D36DF-7B72-4A57-AE84-92C7D3F4B4F6}.Debug|Any CPU.Build.0 = Debug|Any CPU
		{B21D36DF-7B72-4A57-AE84-92C7D3F4B4F6}.Release|Any CPU.ActiveCfg = Release|Any CPU
		{B21D36DF-7B72-4A57-AE84-92C7D3F4B4F6}.Release|Any CPU.Build.0 = Release|Any CPU
		{984A8F26-015A-4D0A-9616-8238E7066FDC}.Debug|Any CPU.ActiveCfg = Debug|Any CPU
		{984A8F26-015A-4D0A-9616-8238E7066FDC}.Debug|Any CPU.Build.0 = Debug|Any CPU
		{984A8F26-015A-4D0A-9616-8238E7066FDC}.Release|Any CPU.ActiveCfg = Release|Any CPU
		{984A8F26-015A-4D0A-9616-8238E7066FDC}.Release|Any CPU.Build.0 = Release|Any CPU
		{7BAB800A-6894-4BC9-9E85-83526AA61435}.Debug|Any CPU.ActiveCfg = Debug|Any CPU
		{7BAB800A-6894-4BC9-9E85-83526AA61435}.Debug|Any CPU.Build.0 = Debug|Any CPU
		{7BAB800A-6894-4BC9-9E85-83526AA61435}.Release|Any CPU.ActiveCfg = Release|Any CPU
		{7BAB800A-6894-4BC9-9E85-83526AA61435}.Release|Any CPU.Build.0 = Release|Any CPU
	EndGlobalSection
	GlobalSection(SolutionProperties) = preSolution
		HideSolutionNode = FALSE
	EndGlobalSection
	GlobalSection(ExtensibilityGlobals) = postSolution
		SolutionGuid = {64A6EA7E-4079-442E-85AE-C6E8EE01460C}
	EndGlobalSection
EndGlobal
